// !$*UTF8*$!
{
	archiveVersion = 1;
	classes = {
	};
	objectVersion = 55;
	objects = {

/* Begin PBXBuildFile section */
		0415CFFE284CBBC9006702E1 /* AddWishlist.swift in Sources */ = {isa = PBXBuildFile; fileRef = 0415CFFD284CBBC9006702E1 /* AddWishlist.swift */; };
		0415D000284CCF3F006702E1 /* CoinDetail.swift in Sources */ = {isa = PBXBuildFile; fileRef = 0415CFFF284CCF3F006702E1 /* CoinDetail.swift */; };
		0415D004284CD9AC006702E1 /* EditProfile.swift in Sources */ = {isa = PBXBuildFile; fileRef = 0415D003284CD9AC006702E1 /* EditProfile.swift */; };
		04268B73284DD33900AE1393 /* CoinModel.swift in Sources */ = {isa = PBXBuildFile; fileRef = 04268B72284DD33900AE1393 /* CoinModel.swift */; };
		04268B76284DE13200AE1393 /* PreviewProvider.swift in Sources */ = {isa = PBXBuildFile; fileRef = 04268B75284DE13200AE1393 /* PreviewProvider.swift */; };
		04268B78284DE78400AE1393 /* Double.swift in Sources */ = {isa = PBXBuildFile; fileRef = 04268B77284DE78400AE1393 /* Double.swift */; };
		04268B7A284E032B00AE1393 /* CoinRowView.swift in Sources */ = {isa = PBXBuildFile; fileRef = 04268B79284E032B00AE1393 /* CoinRowView.swift */; };
		04268B7C284E069000AE1393 /* MarketViewModel.swift in Sources */ = {isa = PBXBuildFile; fileRef = 04268B7B284E069000AE1393 /* MarketViewModel.swift */; };
		04268B7F284E0DE300AE1393 /* CoinDataService.swift in Sources */ = {isa = PBXBuildFile; fileRef = 04268B7E284E0DE300AE1393 /* CoinDataService.swift */; };
		04268B82284E126B00AE1393 /* NetworkingManager.swift in Sources */ = {isa = PBXBuildFile; fileRef = 04268B81284E126B00AE1393 /* NetworkingManager.swift */; };
		04268B84284E201A00AE1393 /* CoinImageView.swift in Sources */ = {isa = PBXBuildFile; fileRef = 04268B83284E201A00AE1393 /* CoinImageView.swift */; };
		04268B86284E21F800AE1393 /* CoinImageService.swift in Sources */ = {isa = PBXBuildFile; fileRef = 04268B85284E21F800AE1393 /* CoinImageService.swift */; };
		04268B88284E238B00AE1393 /* CoinImageViewModel.swift in Sources */ = {isa = PBXBuildFile; fileRef = 04268B87284E238B00AE1393 /* CoinImageViewModel.swift */; };
		04268B8A284E2EC800AE1393 /* LocalFileManager.swift in Sources */ = {isa = PBXBuildFile; fileRef = 04268B89284E2EC800AE1393 /* LocalFileManager.swift */; };
		04268B8C284E354D00AE1393 /* SearchBarView.swift in Sources */ = {isa = PBXBuildFile; fileRef = 04268B8B284E354D00AE1393 /* SearchBarView.swift */; };
		04268B8E284E3BAB00AE1393 /* UIApplication.swift in Sources */ = {isa = PBXBuildFile; fileRef = 04268B8D284E3BAB00AE1393 /* UIApplication.swift */; };
		04268B90284E3FFC00AE1393 /* StatisticModel.swift in Sources */ = {isa = PBXBuildFile; fileRef = 04268B8F284E3FFC00AE1393 /* StatisticModel.swift */; };
		04268B92284E410600AE1393 /* StatisticView.swift in Sources */ = {isa = PBXBuildFile; fileRef = 04268B91284E410600AE1393 /* StatisticView.swift */; };
		04268B96284E48C200AE1393 /* MarketDataModel.swift in Sources */ = {isa = PBXBuildFile; fileRef = 04268B95284E48C200AE1393 /* MarketDataModel.swift */; };
		04268B98284E53E600AE1393 /* ProfileModel.swift in Sources */ = {isa = PBXBuildFile; fileRef = 04268B97284E53E600AE1393 /* ProfileModel.swift */; };
		04268B9E284E79C400AE1393 /* GraphView.swift in Sources */ = {isa = PBXBuildFile; fileRef = 04268B9D284E79C400AE1393 /* GraphView.swift */; };
		04268BA0284E7A7500AE1393 /* Date.swift in Sources */ = {isa = PBXBuildFile; fileRef = 04268B9F284E7A7500AE1393 /* Date.swift */; };
		04268BA2284E7B9200AE1393 /* ProfileView.swift in Sources */ = {isa = PBXBuildFile; fileRef = 04268BA1284E7B9200AE1393 /* ProfileView.swift */; };
		04268BA4284E7C3300AE1393 /* ProfileTemplate.swift in Sources */ = {isa = PBXBuildFile; fileRef = 04268BA3284E7C3300AE1393 /* ProfileTemplate.swift */; };
		04268BA6284E7D7000AE1393 /* HomeStats.swift in Sources */ = {isa = PBXBuildFile; fileRef = 04268BA5284E7D7000AE1393 /* HomeStats.swift */; };
		04268BA8284E7EF100AE1393 /* MarketDataService.swift in Sources */ = {isa = PBXBuildFile; fileRef = 04268BA7284E7EF100AE1393 /* MarketDataService.swift */; };
		04268BAA284E804700AE1393 /* WishlistDataService.swift in Sources */ = {isa = PBXBuildFile; fileRef = 04268BA9284E804700AE1393 /* WishlistDataService.swift */; };
		04268BAC284E854400AE1393 /* Button.swift in Sources */ = {isa = PBXBuildFile; fileRef = 04268BAB284E854400AE1393 /* Button.swift */; };
		04397B2E283C5C3F003FFAE8 /* MyTo.swift in Sources */ = {isa = PBXBuildFile; fileRef = 04397B2D283C5C3F003FFAE8 /* MyTo.swift */; };
		04397B30283C5C3F003FFAE8 /* ContentView.swift in Sources */ = {isa = PBXBuildFile; fileRef = 04397B2F283C5C3F003FFAE8 /* ContentView.swift */; };
		04397B32283C5C42003FFAE8 /* Assets.xcassets in Resources */ = {isa = PBXBuildFile; fileRef = 04397B31283C5C42003FFAE8 /* Assets.xcassets */; };
		04397B35283C5C42003FFAE8 /* Preview Assets.xcassets in Resources */ = {isa = PBXBuildFile; fileRef = 04397B34283C5C42003FFAE8 /* Preview Assets.xcassets */; };
		04397B3F283C7870003FFAE8 /* HomeView.swift in Sources */ = {isa = PBXBuildFile; fileRef = 04397B3E283C7870003FFAE8 /* HomeView.swift */; };
		04397B42283C7897003FFAE8 /* MarketView.swift in Sources */ = {isa = PBXBuildFile; fileRef = 04397B41283C7897003FFAE8 /* MarketView.swift */; };
		04397B45283C790D003FFAE8 /* WishlistView.swift in Sources */ = {isa = PBXBuildFile; fileRef = 04397B44283C790D003FFAE8 /* WishlistView.swift */; };
		04FCCFF0284E912C00E0F1F0 /* WishlistContainer.xcdatamodeld in Sources */ = {isa = PBXBuildFile; fileRef = 04FCCFEE284E912C00E0F1F0 /* WishlistContainer.xcdatamodeld */; };
/* End PBXBuildFile section */

/* Begin PBXFileReference section */
		0415CFFD284CBBC9006702E1 /* AddWishlist.swift */ = {isa = PBXFileReference; lastKnownFileType = sourcecode.swift; path = AddWishlist.swift; sourceTree = "<group>"; };
		0415CFFF284CCF3F006702E1 /* CoinDetail.swift */ = {isa = PBXFileReference; lastKnownFileType = sourcecode.swift; path = CoinDetail.swift; sourceTree = "<group>"; };
		0415D003284CD9AC006702E1 /* EditProfile.swift */ = {isa = PBXFileReference; lastKnownFileType = sourcecode.swift; path = EditProfile.swift; sourceTree = "<group>"; };
		04268B72284DD33900AE1393 /* CoinModel.swift */ = {isa = PBXFileReference; lastKnownFileType = sourcecode.swift; path = CoinModel.swift; sourceTree = "<group>"; };
		04268B75284DE13200AE1393 /* PreviewProvider.swift */ = {isa = PBXFileReference; lastKnownFileType = sourcecode.swift; path = PreviewProvider.swift; sourceTree = "<group>"; };
		04268B77284DE78400AE1393 /* Double.swift */ = {isa = PBXFileReference; lastKnownFileType = sourcecode.swift; path = Double.swift; sourceTree = "<group>"; };
		04268B79284E032B00AE1393 /* CoinRowView.swift */ = {isa = PBXFileReference; lastKnownFileType = sourcecode.swift; path = CoinRowView.swift; sourceTree = "<group>"; };
		04268B7B284E069000AE1393 /* MarketViewModel.swift */ = {isa = PBXFileReference; lastKnownFileType = sourcecode.swift; path = MarketViewModel.swift; sourceTree = "<group>"; };
		04268B7E284E0DE300AE1393 /* CoinDataService.swift */ = {isa = PBXFileReference; lastKnownFileType = sourcecode.swift; path = CoinDataService.swift; sourceTree = "<group>"; };
		04268B81284E126B00AE1393 /* NetworkingManager.swift */ = {isa = PBXFileReference; lastKnownFileType = sourcecode.swift; path = NetworkingManager.swift; sourceTree = "<group>"; };
		04268B83284E201A00AE1393 /* CoinImageView.swift */ = {isa = PBXFileReference; lastKnownFileType = sourcecode.swift; path = CoinImageView.swift; sourceTree = "<group>"; };
		04268B85284E21F800AE1393 /* CoinImageService.swift */ = {isa = PBXFileReference; lastKnownFileType = sourcecode.swift; path = CoinImageService.swift; sourceTree = "<group>"; };
		04268B87284E238B00AE1393 /* CoinImageViewModel.swift */ = {isa = PBXFileReference; lastKnownFileType = sourcecode.swift; path = CoinImageViewModel.swift; sourceTree = "<group>"; };
		04268B89284E2EC800AE1393 /* LocalFileManager.swift */ = {isa = PBXFileReference; lastKnownFileType = sourcecode.swift; path = LocalFileManager.swift; sourceTree = "<group>"; };
		04268B8B284E354D00AE1393 /* SearchBarView.swift */ = {isa = PBXFileReference; lastKnownFileType = sourcecode.swift; path = SearchBarView.swift; sourceTree = "<group>"; };
		04268B8D284E3BAB00AE1393 /* UIApplication.swift */ = {isa = PBXFileReference; lastKnownFileType = sourcecode.swift; path = UIApplication.swift; sourceTree = "<group>"; };
		04268B8F284E3FFC00AE1393 /* StatisticModel.swift */ = {isa = PBXFileReference; lastKnownFileType = sourcecode.swift; path = StatisticModel.swift; sourceTree = "<group>"; };
		04268B91284E410600AE1393 /* StatisticView.swift */ = {isa = PBXFileReference; lastKnownFileType = sourcecode.swift; path = StatisticView.swift; sourceTree = "<group>"; };
		04268B95284E48C200AE1393 /* MarketDataModel.swift */ = {isa = PBXFileReference; lastKnownFileType = sourcecode.swift; path = MarketDataModel.swift; sourceTree = "<group>"; };
		04268B97284E53E600AE1393 /* ProfileModel.swift */ = {isa = PBXFileReference; lastKnownFileType = sourcecode.swift; path = ProfileModel.swift; sourceTree = "<group>"; };
		04268B9D284E79C400AE1393 /* GraphView.swift */ = {isa = PBXFileReference; lastKnownFileType = sourcecode.swift; path = GraphView.swift; sourceTree = "<group>"; };
		04268B9F284E7A7500AE1393 /* Date.swift */ = {isa = PBXFileReference; lastKnownFileType = sourcecode.swift; path = Date.swift; sourceTree = "<group>"; };
		04268BA1284E7B9200AE1393 /* ProfileView.swift */ = {isa = PBXFileReference; lastKnownFileType = sourcecode.swift; path = ProfileView.swift; sourceTree = "<group>"; };
		04268BA3284E7C3300AE1393 /* ProfileTemplate.swift */ = {isa = PBXFileReference; lastKnownFileType = sourcecode.swift; path = ProfileTemplate.swift; sourceTree = "<group>"; };
		04268BA5284E7D7000AE1393 /* HomeStats.swift */ = {isa = PBXFileReference; lastKnownFileType = sourcecode.swift; path = HomeStats.swift; sourceTree = "<group>"; };
		04268BA7284E7EF100AE1393 /* MarketDataService.swift */ = {isa = PBXFileReference; lastKnownFileType = sourcecode.swift; path = MarketDataService.swift; sourceTree = "<group>"; };
		04268BA9284E804700AE1393 /* WishlistDataService.swift */ = {isa = PBXFileReference; lastKnownFileType = sourcecode.swift; path = WishlistDataService.swift; sourceTree = "<group>"; };
		04268BAB284E854400AE1393 /* Button.swift */ = {isa = PBXFileReference; lastKnownFileType = sourcecode.swift; path = Button.swift; sourceTree = "<group>"; };
		04397B2A283C5C3F003FFAE8 /* MyTo.app */ = {isa = PBXFileReference; explicitFileType = wrapper.application; includeInIndex = 0; path = MyTo.app; sourceTree = BUILT_PRODUCTS_DIR; };
		04397B2D283C5C3F003FFAE8 /* MyTo.swift */ = {isa = PBXFileReference; lastKnownFileType = sourcecode.swift; path = MyTo.swift; sourceTree = "<group>"; };
		04397B2F283C5C3F003FFAE8 /* ContentView.swift */ = {isa = PBXFileReference; lastKnownFileType = sourcecode.swift; path = ContentView.swift; sourceTree = "<group>"; };
		04397B31283C5C42003FFAE8 /* Assets.xcassets */ = {isa = PBXFileReference; lastKnownFileType = folder.assetcatalog; path = Assets.xcassets; sourceTree = "<group>"; };
		04397B34283C5C42003FFAE8 /* Preview Assets.xcassets */ = {isa = PBXFileReference; lastKnownFileType = folder.assetcatalog; path = "Preview Assets.xcassets"; sourceTree = "<group>"; };
		04397B3E283C7870003FFAE8 /* HomeView.swift */ = {isa = PBXFileReference; lastKnownFileType = sourcecode.swift; path = HomeView.swift; sourceTree = "<group>"; };
		04397B41283C7897003FFAE8 /* MarketView.swift */ = {isa = PBXFileReference; lastKnownFileType = sourcecode.swift; path = MarketView.swift; sourceTree = "<group>"; };
		04397B44283C790D003FFAE8 /* WishlistView.swift */ = {isa = PBXFileReference; lastKnownFileType = sourcecode.swift; path = WishlistView.swift; sourceTree = "<group>"; };
		04FCCFEF284E912C00E0F1F0 /* WishlistContainer.xcdatamodel */ = {isa = PBXFileReference; lastKnownFileType = wrapper.xcdatamodel; path = WishlistContainer.xcdatamodel; sourceTree = "<group>"; };
/* End PBXFileReference section */

/* Begin PBXFrameworksBuildPhase section */
		04397B27283C5C3F003FFAE8 /* Frameworks */ = {
			isa = PBXFrameworksBuildPhase;
			buildActionMask = 2147483647;
			files = (
			);
			runOnlyForDeploymentPostprocessing = 0;
		};
/* End PBXFrameworksBuildPhase section */

/* Begin PBXGroup section */
		04268B6F284DD2C200AE1393 /* Model */ = {
			isa = PBXGroup;
			children = (
				04FCCFEE284E912C00E0F1F0 /* WishlistContainer.xcdatamodeld */,
				04268B7B284E069000AE1393 /* MarketViewModel.swift */,
				04268B72284DD33900AE1393 /* CoinModel.swift */,
				04268B87284E238B00AE1393 /* CoinImageViewModel.swift */,
				04268B8F284E3FFC00AE1393 /* StatisticModel.swift */,
				04268B95284E48C200AE1393 /* MarketDataModel.swift */,
				04268B97284E53E600AE1393 /* ProfileModel.swift */,
			);
			path = Model;
			sourceTree = "<group>";
		};
		04268B74284DE11700AE1393 /* Extensions */ = {
			isa = PBXGroup;
			children = (
				04268B75284DE13200AE1393 /* PreviewProvider.swift */,
				04268B77284DE78400AE1393 /* Double.swift */,
				04268B8B284E354D00AE1393 /* SearchBarView.swift */,
				04268B8D284E3BAB00AE1393 /* UIApplication.swift */,
				04268B9F284E7A7500AE1393 /* Date.swift */,
				04268BAB284E854400AE1393 /* Button.swift */,
			);
			path = Extensions;
			sourceTree = "<group>";
		};
		04268B7D284E0DCF00AE1393 /* Services */ = {
			isa = PBXGroup;
			children = (
				04268B7E284E0DE300AE1393 /* CoinDataService.swift */,
				04268B85284E21F800AE1393 /* CoinImageService.swift */,
				04268BA7284E7EF100AE1393 /* MarketDataService.swift */,
				04268BA9284E804700AE1393 /* WishlistDataService.swift */,
			);
			path = Services;
			sourceTree = "<group>";
		};
		04268B80284E125800AE1393 /* Utilities */ = {
			isa = PBXGroup;
			children = (
				04268B81284E126B00AE1393 /* NetworkingManager.swift */,
				04268B89284E2EC800AE1393 /* LocalFileManager.swift */,
			);
			path = Utilities;
			sourceTree = "<group>";
		};
		04397B21283C5C3F003FFAE8 = {
			isa = PBXGroup;
			children = (
				04397B2C283C5C3F003FFAE8 /* MyTo */,
				04397B2B283C5C3F003FFAE8 /* Products */,
			);
			sourceTree = "<group>";
		};
		04397B2B283C5C3F003FFAE8 /* Products */ = {
			isa = PBXGroup;
			children = (
				04397B2A283C5C3F003FFAE8 /* MyTo.app */,
			);
			name = Products;
			sourceTree = "<group>";
		};
		04397B2C283C5C3F003FFAE8 /* MyTo */ = {
			isa = PBXGroup;
			children = (
				04397B2D283C5C3F003FFAE8 /* MyTo.swift */,
				04397B2F283C5C3F003FFAE8 /* ContentView.swift */,
				04268B80284E125800AE1393 /* Utilities */,
				04268B7D284E0DCF00AE1393 /* Services */,
				04268B74284DE11700AE1393 /* Extensions */,
				04268B6F284DD2C200AE1393 /* Model */,
				04397B3D283C7849003FFAE8 /* Home */,
				04397B40283C787C003FFAE8 /* Market */,
				04397B43283C78C9003FFAE8 /* Wishlist */,
				04397B31283C5C42003FFAE8 /* Assets.xcassets */,
				04397B33283C5C42003FFAE8 /* Preview Content */,
			);
			path = MyTo;
			sourceTree = "<group>";
		};
		04397B33283C5C42003FFAE8 /* Preview Content */ = {
			isa = PBXGroup;
			children = (
				04397B34283C5C42003FFAE8 /* Preview Assets.xcassets */,
			);
			path = "Preview Content";
			sourceTree = "<group>";
		};
		04397B3D283C7849003FFAE8 /* Home */ = {
			isa = PBXGroup;
			children = (
				04397B3E283C7870003FFAE8 /* HomeView.swift */,
				0415D003284CD9AC006702E1 /* EditProfile.swift */,
				04268BA1284E7B9200AE1393 /* ProfileView.swift */,
				04268BA3284E7C3300AE1393 /* ProfileTemplate.swift */,
				04268BA5284E7D7000AE1393 /* HomeStats.swift */,
			);
			path = Home;
			sourceTree = "<group>";
		};
		04397B40283C787C003FFAE8 /* Market */ = {
			isa = PBXGroup;
			children = (
				04268B83284E201A00AE1393 /* CoinImageView.swift */,
				04397B41283C7897003FFAE8 /* MarketView.swift */,
				04268B79284E032B00AE1393 /* CoinRowView.swift */,
				04268B91284E410600AE1393 /* StatisticView.swift */,
				04268B9D284E79C400AE1393 /* GraphView.swift */,
			);
			path = Market;
			sourceTree = "<group>";
		};
		04397B43283C78C9003FFAE8 /* Wishlist */ = {
			isa = PBXGroup;
			children = (
				04397B44283C790D003FFAE8 /* WishlistView.swift */,
				0415CFFD284CBBC9006702E1 /* AddWishlist.swift */,
				0415CFFF284CCF3F006702E1 /* CoinDetail.swift */,
			);
			path = Wishlist;
			sourceTree = "<group>";
		};
/* End PBXGroup section */

/* Begin PBXNativeTarget section */
		04397B29283C5C3F003FFAE8 /* MyTo */ = {
			isa = PBXNativeTarget;
			buildConfigurationList = 04397B38283C5C42003FFAE8 /* Build configuration list for PBXNativeTarget "MyTo" */;
			buildPhases = (
				04397B26283C5C3F003FFAE8 /* Sources */,
				04397B27283C5C3F003FFAE8 /* Frameworks */,
				04397B28283C5C3F003FFAE8 /* Resources */,
			);
			buildRules = (
			);
			dependencies = (
			);
			name = MyTo;
			productName = "Crypto App";
			productReference = 04397B2A283C5C3F003FFAE8 /* MyTo.app */;
			productType = "com.apple.product-type.application";
		};
/* End PBXNativeTarget section */

/* Begin PBXProject section */
		04397B22283C5C3F003FFAE8 /* Project object */ = {
			isa = PBXProject;
			attributes = {
				BuildIndependentTargetsInParallel = 1;
				LastSwiftUpdateCheck = 1340;
				LastUpgradeCheck = 1340;
				TargetAttributes = {
					04397B29283C5C3F003FFAE8 = {
						CreatedOnToolsVersion = 13.4;
					};
				};
			};
			buildConfigurationList = 04397B25283C5C3F003FFAE8 /* Build configuration list for PBXProject "MyTo" */;
			compatibilityVersion = "Xcode 13.0";
			developmentRegion = en;
			hasScannedForEncodings = 0;
			knownRegions = (
				en,
				Base,
			);
			mainGroup = 04397B21283C5C3F003FFAE8;
			productRefGroup = 04397B2B283C5C3F003FFAE8 /* Products */;
			projectDirPath = "";
			projectRoot = "";
			targets = (
				04397B29283C5C3F003FFAE8 /* MyTo */,
			);
		};
/* End PBXProject section */

/* Begin PBXResourcesBuildPhase section */
		04397B28283C5C3F003FFAE8 /* Resources */ = {
			isa = PBXResourcesBuildPhase;
			buildActionMask = 2147483647;
			files = (
				04397B35283C5C42003FFAE8 /* Preview Assets.xcassets in Resources */,
				04397B32283C5C42003FFAE8 /* Assets.xcassets in Resources */,
			);
			runOnlyForDeploymentPostprocessing = 0;
		};
/* End PBXResourcesBuildPhase section */

/* Begin PBXSourcesBuildPhase section */
		04397B26283C5C3F003FFAE8 /* Sources */ = {
			isa = PBXSourcesBuildPhase;
			buildActionMask = 2147483647;
			files = (
				04268B73284DD33900AE1393 /* CoinModel.swift in Sources */,
				04268BA8284E7EF100AE1393 /* MarketDataService.swift in Sources */,
				04268B92284E410600AE1393 /* StatisticView.swift in Sources */,
				04268B7A284E032B00AE1393 /* CoinRowView.swift in Sources */,
				04268B7C284E069000AE1393 /* MarketViewModel.swift in Sources */,
				04268B7F284E0DE300AE1393 /* CoinDataService.swift in Sources */,
				04397B3F283C7870003FFAE8 /* HomeView.swift in Sources */,
				04268B82284E126B00AE1393 /* NetworkingManager.swift in Sources */,
				04268B8A284E2EC800AE1393 /* LocalFileManager.swift in Sources */,
				04268B98284E53E600AE1393 /* ProfileModel.swift in Sources */,
				04268BAC284E854400AE1393 /* Button.swift in Sources */,
				0415D004284CD9AC006702E1 /* EditProfile.swift in Sources */,
				04397B30283C5C3F003FFAE8 /* ContentView.swift in Sources */,
				04268BA2284E7B9200AE1393 /* ProfileView.swift in Sources */,
				04268B8C284E354D00AE1393 /* SearchBarView.swift in Sources */,
				04268B84284E201A00AE1393 /* CoinImageView.swift in Sources */,
				04268BAA284E804700AE1393 /* WishlistDataService.swift in Sources */,
				04268B90284E3FFC00AE1393 /* StatisticModel.swift in Sources */,
				0415D000284CCF3F006702E1 /* CoinDetail.swift in Sources */,
				04268B76284DE13200AE1393 /* PreviewProvider.swift in Sources */,
				04268B8E284E3BAB00AE1393 /* UIApplication.swift in Sources */,
				0415CFFE284CBBC9006702E1 /* AddWishlist.swift in Sources */,
				04268B96284E48C200AE1393 /* MarketDataModel.swift in Sources */,
				04268B9E284E79C400AE1393 /* GraphView.swift in Sources */,
				04397B42283C7897003FFAE8 /* MarketView.swift in Sources */,
				04268BA6284E7D7000AE1393 /* HomeStats.swift in Sources */,
				04268BA4284E7C3300AE1393 /* ProfileTemplate.swift in Sources */,
				04397B45283C790D003FFAE8 /* WishlistView.swift in Sources */,
				04268BA0284E7A7500AE1393 /* Date.swift in Sources */,
				04268B78284DE78400AE1393 /* Double.swift in Sources */,
				04268B88284E238B00AE1393 /* CoinImageViewModel.swift in Sources */,
				04268B86284E21F800AE1393 /* CoinImageService.swift in Sources */,
				04FCCFF0284E912C00E0F1F0 /* WishlistContainer.xcdatamodeld in Sources */,
				04397B2E283C5C3F003FFAE8 /* MyTo.swift in Sources */,
			);
			runOnlyForDeploymentPostprocessing = 0;
		};
/* End PBXSourcesBuildPhase section */

/* Begin XCBuildConfiguration section */
		04397B36283C5C42003FFAE8 /* Debug */ = {
			isa = XCBuildConfiguration;
			buildSettings = {
				ALWAYS_SEARCH_USER_PATHS = NO;
				CLANG_ANALYZER_NONNULL = YES;
				CLANG_ANALYZER_NUMBER_OBJECT_CONVERSION = YES_AGGRESSIVE;
				CLANG_CXX_LANGUAGE_STANDARD = "gnu++17";
				CLANG_ENABLE_MODULES = YES;
				CLANG_ENABLE_OBJC_ARC = YES;
				CLANG_ENABLE_OBJC_WEAK = YES;
				CLANG_WARN_BLOCK_CAPTURE_AUTORELEASING = YES;
				CLANG_WARN_BOOL_CONVERSION = YES;
				CLANG_WARN_COMMA = YES;
				CLANG_WARN_CONSTANT_CONVERSION = YES;
				CLANG_WARN_DEPRECATED_OBJC_IMPLEMENTATIONS = YES;
				CLANG_WARN_DIRECT_OBJC_ISA_USAGE = YES_ERROR;
				CLANG_WARN_DOCUMENTATION_COMMENTS = YES;
				CLANG_WARN_EMPTY_BODY = YES;
				CLANG_WARN_ENUM_CONVERSION = YES;
				CLANG_WARN_INFINITE_RECURSION = YES;
				CLANG_WARN_INT_CONVERSION = YES;
				CLANG_WARN_NON_LITERAL_NULL_CONVERSION = YES;
				CLANG_WARN_OBJC_IMPLICIT_RETAIN_SELF = YES;
				CLANG_WARN_OBJC_LITERAL_CONVERSION = YES;
				CLANG_WARN_OBJC_ROOT_CLASS = YES_ERROR;
				CLANG_WARN_QUOTED_INCLUDE_IN_FRAMEWORK_HEADER = YES;
				CLANG_WARN_RANGE_LOOP_ANALYSIS = YES;
				CLANG_WARN_STRICT_PROTOTYPES = YES;
				CLANG_WARN_SUSPICIOUS_MOVE = YES;
				CLANG_WARN_UNGUARDED_AVAILABILITY = YES_AGGRESSIVE;
				CLANG_WARN_UNREACHABLE_CODE = YES;
				CLANG_WARN__DUPLICATE_METHOD_MATCH = YES;
				COPY_PHASE_STRIP = NO;
				DEBUG_INFORMATION_FORMAT = dwarf;
				ENABLE_STRICT_OBJC_MSGSEND = YES;
				ENABLE_TESTABILITY = YES;
				GCC_C_LANGUAGE_STANDARD = gnu11;
				GCC_DYNAMIC_NO_PIC = NO;
				GCC_NO_COMMON_BLOCKS = YES;
				GCC_OPTIMIZATION_LEVEL = 0;
				GCC_PREPROCESSOR_DEFINITIONS = (
					"DEBUG=1",
					"$(inherited)",
				);
				GCC_WARN_64_TO_32_BIT_CONVERSION = YES;
				GCC_WARN_ABOUT_RETURN_TYPE = YES_ERROR;
				GCC_WARN_UNDECLARED_SELECTOR = YES;
				GCC_WARN_UNINITIALIZED_AUTOS = YES_AGGRESSIVE;
				GCC_WARN_UNUSED_FUNCTION = YES;
				GCC_WARN_UNUSED_VARIABLE = YES;
				IPHONEOS_DEPLOYMENT_TARGET = 15.5;
				MTL_ENABLE_DEBUG_INFO = INCLUDE_SOURCE;
				MTL_FAST_MATH = YES;
				ONLY_ACTIVE_ARCH = YES;
				SDKROOT = iphoneos;
				SWIFT_ACTIVE_COMPILATION_CONDITIONS = DEBUG;
				SWIFT_OPTIMIZATION_LEVEL = "-Onone";
			};
			name = Debug;
		};
		04397B37283C5C42003FFAE8 /* Release */ = {
			isa = XCBuildConfiguration;
			buildSettings = {
				ALWAYS_SEARCH_USER_PATHS = NO;
				CLANG_ANALYZER_NONNULL = YES;
				CLANG_ANALYZER_NUMBER_OBJECT_CONVERSION = YES_AGGRESSIVE;
				CLANG_CXX_LANGUAGE_STANDARD = "gnu++17";
				CLANG_ENABLE_MODULES = YES;
				CLANG_ENABLE_OBJC_ARC = YES;
				CLANG_ENABLE_OBJC_WEAK = YES;
				CLANG_WARN_BLOCK_CAPTURE_AUTORELEASING = YES;
				CLANG_WARN_BOOL_CONVERSION = YES;
				CLANG_WARN_COMMA = YES;
				CLANG_WARN_CONSTANT_CONVERSION = YES;
				CLANG_WARN_DEPRECATED_OBJC_IMPLEMENTATIONS = YES;
				CLANG_WARN_DIRECT_OBJC_ISA_USAGE = YES_ERROR;
				CLANG_WARN_DOCUMENTATION_COMMENTS = YES;
				CLANG_WARN_EMPTY_BODY = YES;
				CLANG_WARN_ENUM_CONVERSION = YES;
				CLANG_WARN_INFINITE_RECURSION = YES;
				CLANG_WARN_INT_CONVERSION = YES;
				CLANG_WARN_NON_LITERAL_NULL_CONVERSION = YES;
				CLANG_WARN_OBJC_IMPLICIT_RETAIN_SELF = YES;
				CLANG_WARN_OBJC_LITERAL_CONVERSION = YES;
				CLANG_WARN_OBJC_ROOT_CLASS = YES_ERROR;
				CLANG_WARN_QUOTED_INCLUDE_IN_FRAMEWORK_HEADER = YES;
				CLANG_WARN_RANGE_LOOP_ANALYSIS = YES;
				CLANG_WARN_STRICT_PROTOTYPES = YES;
				CLANG_WARN_SUSPICIOUS_MOVE = YES;
				CLANG_WARN_UNGUARDED_AVAILABILITY = YES_AGGRESSIVE;
				CLANG_WARN_UNREACHABLE_CODE = YES;
				CLANG_WARN__DUPLICATE_METHOD_MATCH = YES;
				COPY_PHASE_STRIP = NO;
				DEBUG_INFORMATION_FORMAT = "dwarf-with-dsym";
				ENABLE_NS_ASSERTIONS = NO;
				ENABLE_STRICT_OBJC_MSGSEND = YES;
				GCC_C_LANGUAGE_STANDARD = gnu11;
				GCC_NO_COMMON_BLOCKS = YES;
				GCC_WARN_64_TO_32_BIT_CONVERSION = YES;
				GCC_WARN_ABOUT_RETURN_TYPE = YES_ERROR;
				GCC_WARN_UNDECLARED_SELECTOR = YES;
				GCC_WARN_UNINITIALIZED_AUTOS = YES_AGGRESSIVE;
				GCC_WARN_UNUSED_FUNCTION = YES;
				GCC_WARN_UNUSED_VARIABLE = YES;
				IPHONEOS_DEPLOYMENT_TARGET = 15.5;
				MTL_ENABLE_DEBUG_INFO = NO;
				MTL_FAST_MATH = YES;
				SDKROOT = iphoneos;
				SWIFT_COMPILATION_MODE = wholemodule;
				SWIFT_OPTIMIZATION_LEVEL = "-O";
				VALIDATE_PRODUCT = YES;
			};
			name = Release;
		};
		04397B39283C5C42003FFAE8 /* Debug */ = {
			isa = XCBuildConfiguration;
			buildSettings = {
				ASSETCATALOG_COMPILER_APPICON_NAME = AppIcon;
				ASSETCATALOG_COMPILER_GLOBAL_ACCENT_COLOR_NAME = AccentColor;
				CODE_SIGN_STYLE = Automatic;
				CURRENT_PROJECT_VERSION = 1;
				DEVELOPMENT_ASSET_PATHS = "\"MyTo/Preview Content\"";
				ENABLE_PREVIEWS = YES;
				GENERATE_INFOPLIST_FILE = YES;
				INFOPLIST_KEY_UIApplicationSceneManifest_Generation = YES;
				INFOPLIST_KEY_UIApplicationSupportsIndirectInputEvents = YES;
				INFOPLIST_KEY_UILaunchScreen_Generation = YES;
				INFOPLIST_KEY_UISupportedInterfaceOrientations = UIInterfaceOrientationPortrait;
				INFOPLIST_KEY_UISupportedInterfaceOrientations_iPad = "UIInterfaceOrientationPortrait UIInterfaceOrientationPortraitUpsideDown UIInterfaceOrientationLandscapeLeft UIInterfaceOrientationLandscapeRight";
				INFOPLIST_KEY_UISupportedInterfaceOrientations_iPhone = "UIInterfaceOrientationPortrait UIInterfaceOrientationLandscapeLeft UIInterfaceOrientationLandscapeRight";
				LD_RUNPATH_SEARCH_PATHS = (
					"$(inherited)",
					"@executable_path/Frameworks",
				);
				MARKETING_VERSION = 1.0;
				PRODUCT_BUNDLE_IDENTIFIER = com.example.SwiftUI.MyTo;
				PRODUCT_NAME = MyTo;
				SWIFT_EMIT_LOC_STRINGS = YES;
				SWIFT_VERSION = 5.0;
				TARGETED_DEVICE_FAMILY = "1,2";
			};
			name = Debug;
		};
		04397B3A283C5C42003FFAE8 /* Release */ = {
			isa = XCBuildConfiguration;
			buildSettings = {
				ASSETCATALOG_COMPILER_APPICON_NAME = AppIcon;
				ASSETCATALOG_COMPILER_GLOBAL_ACCENT_COLOR_NAME = AccentColor;
				CODE_SIGN_STYLE = Automatic;
				CURRENT_PROJECT_VERSION = 1;
				DEVELOPMENT_ASSET_PATHS = "\"MyTo/Preview Content\"";
				ENABLE_PREVIEWS = YES;
				GENERATE_INFOPLIST_FILE = YES;
				INFOPLIST_KEY_UIApplicationSceneManifest_Generation = YES;
				INFOPLIST_KEY_UIApplicationSupportsIndirectInputEvents = YES;
				INFOPLIST_KEY_UILaunchScreen_Generation = YES;
				INFOPLIST_KEY_UISupportedInterfaceOrientations = UIInterfaceOrientationPortrait;
				INFOPLIST_KEY_UISupportedInterfaceOrientations_iPad = "UIInterfaceOrientationPortrait UIInterfaceOrientationPortraitUpsideDown UIInterfaceOrientationLandscapeLeft UIInterfaceOrientationLandscapeRight";
				INFOPLIST_KEY_UISupportedInterfaceOrientations_iPhone = "UIInterfaceOrientationPortrait UIInterfaceOrientationLandscapeLeft UIInterfaceOrientationLandscapeRight";
				LD_RUNPATH_SEARCH_PATHS = (
					"$(inherited)",
					"@executable_path/Frameworks",
				);
				MARKETING_VERSION = 1.0;
				PRODUCT_BUNDLE_IDENTIFIER = com.example.SwiftUI.MyTo;
				PRODUCT_NAME = MyTo;
				SWIFT_EMIT_LOC_STRINGS = YES;
				SWIFT_VERSION = 5.0;
				TARGETED_DEVICE_FAMILY = "1,2";
			};
			name = Release;
		};
/* End XCBuildConfiguration section */

/* Begin XCConfigurationList section */
		04397B25283C5C3F003FFAE8 /* Build configuration list for PBXProject "MyTo" */ = {
			isa = XCConfigurationList;
			buildConfigurations = (
				04397B36283C5C42003FFAE8 /* Debug */,
				04397B37283C5C42003FFAE8 /* Release */,
			);
			defaultConfigurationIsVisible = 0;
			defaultConfigurationName = Release;
		};
		04397B38283C5C42003FFAE8 /* Build configuration list for PBXNativeTarget "MyTo" */ = {
			isa = XCConfigurationList;
			buildConfigurations = (
				04397B39283C5C42003FFAE8 /* Debug */,
				04397B3A283C5C42003FFAE8 /* Release */,
			);
			defaultConfigurationIsVisible = 0;
			defaultConfigurationName = Release;
		};
/* End XCConfigurationList section */

/* Begin XCVersionGroup section */
		04FCCFEE284E912C00E0F1F0 /* WishlistContainer.xcdatamodeld */ = {
			isa = XCVersionGroup;
			children = (
				04FCCFEF284E912C00E0F1F0 /* WishlistContainer.xcdatamodel */,
			);
			currentVersion = 04FCCFEF284E912C00E0F1F0 /* WishlistContainer.xcdatamodel */;
			path = WishlistContainer.xcdatamodeld;
			sourceTree = "<group>";
			versionGroupType = wrapper.xcdatamodel;
		};
/* End XCVersionGroup section */
	};
	rootObject = 04397B22283C5C3F003FFAE8 /* Project object */;
}
